
Microsoft Visual Studio Solution File, Format Version 12.00
# Visual Studio Version 17
VisualStudioVersion = 17.5.002.0
MinimumVisualStudioVersion = 10.0.40219.1
Project("{9A19103F-16F7-4668-BE54-9A1E7A4F7556}") = "GestionCarros", "GestionCarros.csproj", "{F101CB48-45FD-479D-958B-6D8D47A5767F}"
EndProject
Global
	GlobalSection(SolutionConfigurationPlatforms) = preSolution
		Debug|Any CPU = Debug|Any CPU
		Release|Any CPU = Release|Any CPU
	EndGlobalSection
	GlobalSection(ProjectConfigurationPlatforms) = postSolution
		{F101CB48-45FD-479D-958B-6D8D47A5767F}.Debug|Any CPU.ActiveCfg = Debug|Any CPU
		{F101CB48-45FD-479D-958B-6D8D47A5767F}.Debug|Any CPU.Build.0 = Debug|Any CPU
		{F101CB48-45FD-479D-958B-6D8D47A5767F}.Release|Any CPU.ActiveCfg = Release|Any CPU
		{F101CB48-45FD-479D-958B-6D8D47A5767F}.Release|Any CPU.Build.0 = Release|Any CPU
	EndGlobalSection
	GlobalSection(SolutionProperties) = preSolution
		HideSolutionNode = FALSE
	EndGlobalSection
	GlobalSection(ExtensibilityGlobals) = postSolution
		SolutionGuid = {B809CB5A-981C-4E36-84D6-B8AFCD5CA947}
	EndGlobalSection
EndGlobal
